
Microsoft Visual Studio Solution File, Format Version 12.00
# Visual Studio Version 16
VisualStudioVersion = 16.0.30804.86
MinimumVisualStudioVersion = 10.0.40219.1
Project("{F184B08F-C81C-45F6-A57F-5ABD9991F28F}") = "Lab-4-05", "Lab-4-05\Lab-4-05.vbproj", "{5A08E409-8A50-4EFB-9085-0EA2B2D3A573}"
EndProject
Global
	GlobalSection(SolutionConfigurationPlatforms) = preSolution
		Debug|Any CPU = Debug|Any CPU
		Release|Any CPU = Release|Any CPU
	EndGlobalSection
	GlobalSection(ProjectConfigurationPlatforms) = postSolution
		{5A08E409-8A50-4EFB-9085-0EA2B2D3A573}.Debug|Any CPU.ActiveCfg = Debug|Any CPU
		{5A08E409-8A50-4EFB-9085-0EA2B2D3A573}.Debug|Any CPU.Build.0 = Debug|Any CPU
		{5A08E409-8A50-4EFB-9085-0EA2B2D3A573}.Release|Any CPU.ActiveCfg = Release|Any CPU
		{5A08E409-8A50-4EFB-9085-0EA2B2D3A573}.Release|Any CPU.Build.0 = Release|Any CPU
	EndGlobalSection
	GlobalSection(SolutionProperties) = preSolution
		HideSolutionNode = FALSE
	EndGlobalSection
	GlobalSection(ExtensibilityGlobals) = postSolution
		SolutionGuid = {B424D3AE-B1FC-4806-ADAC-641BE66514CE}
	EndGlobalSection
EndGlobal
